// !$*UTF8*$!
{
	archiveVersion = 1;
	classes = {
	};
	objectVersion = 77;
	objects = {

/* Begin PBXBuildFile section */
		1E0FFBAC2EDF3FDD00671C7E /* Algorithms in Frameworks */ = {isa = PBXBuildFile; productRef = 1E0FFBAB2EDF3FDD00671C7E /* Algorithms */; };
		1E0FFBAF2EDF401900671C7E /* Collections in Frameworks */ = {isa = PBXBuildFile; productRef = 1E0FFBAE2EDF401900671C7E /* Collections */; };
		1E0FFC242EDF664A00671C7E /* Algorithms in Frameworks */ = {isa = PBXBuildFile; productRef = 1E0FFC232EDF664A00671C7E /* Algorithms */; };
		1E0FFC262EDF670C00671C7E /* Collections in Frameworks */ = {isa = PBXBuildFile; productRef = 1E0FFC252EDF670C00671C7E /* Collections */; };
/* End PBXBuildFile section */

/* Begin PBXCopyFilesBuildPhase section */
		1E0FFB9E2EDF3FC100671C7E /* CopyFiles */ = {
			isa = PBXCopyFilesBuildPhase;
			buildActionMask = 2147483647;
			dstPath = /usr/share/man/man1/;
			dstSubfolderSpec = 0;
			files = (
			);
			runOnlyForDeploymentPostprocessing = 1;
		};
/* End PBXCopyFilesBuildPhase section */

/* Begin PBXFileReference section */
		1E0FFBA02EDF3FC100671C7E /* AoC2025 */ = {isa = PBXFileReference; explicitFileType = "compiled.mach-o.executable"; includeInIndex = 0; path = AoC2025; sourceTree = BUILT_PRODUCTS_DIR; };
		1E0FFC1A2EDF65BC00671C7E /* DayUnitTests.xctest */ = {isa = PBXFileReference; explicitFileType = wrapper.cfbundle; includeInIndex = 0; path = DayUnitTests.xctest; sourceTree = BUILT_PRODUCTS_DIR; };
/* End PBXFileReference section */

/* Begin PBXFileSystemSynchronizedBuildFileExceptionSet section */
		1E0FFC402EDF67B300671C7E /* Exceptions for "Source" folder in "DayUnitTests" target */ = {
			isa = PBXFileSystemSynchronizedBuildFileExceptionSet;
			membershipExceptions = (
				DailyFramework/DailyPuzzle.swift,
				DailyFramework/DailySolver.swift,
				Days/Day1.swift,
				Days/Day2.swift,
				Days/Day3.swift,
				Days/Day4.swift,
				Days/Day5.swift,
				Days/Day6.swift,
				Days/Day7.swift,
				Days/Day8.swift,
				Days/Day9.swift,
				Days/Day10.swift,
				Days/Day11.swift,
				Days/Day12.swift,
				Days/Day13.swift,
				Days/Day14.swift,
				Days/Day15.swift,
				Days/Day16.swift,
				Days/Day17.swift,
				Days/Day18.swift,
				Days/Day19.swift,
				Days/Day20.swift,
				Days/Day21.swift,
				Days/Day22.swift,
				Days/Day23.swift,
				Days/Day24.swift,
				Days/Day25.swift,
			);
			target = 1E0FFC192EDF65BC00671C7E /* DayUnitTests */;
		};
/* End PBXFileSystemSynchronizedBuildFileExceptionSet section */

/* Begin PBXFileSystemSynchronizedRootGroup section */
		1E0FFBA22EDF3FC100671C7E /* Source */ = {
			isa = PBXFileSystemSynchronizedRootGroup;
			exceptions = (
				1E0FFC402EDF67B300671C7E /* Exceptions for "Source" folder in "DayUnitTests" target */,
			);
			path = Source;
			sourceTree = "<group>";
		};
		1E0FFC1B2EDF65BC00671C7E /* DayUnitTests */ = {
			isa = PBXFileSystemSynchronizedRootGroup;
			path = DayUnitTests;
			sourceTree = "<group>";
		};
/* End PBXFileSystemSynchronizedRootGroup section */

/* Begin PBXFrameworksBuildPhase section */
		1E0FFB9D2EDF3FC100671C7E /* Frameworks */ = {
			isa = PBXFrameworksBuildPhase;
			buildActionMask = 2147483647;
			files = (
				1E0FFBAF2EDF401900671C7E /* Collections in Frameworks */,
				1E0FFBAC2EDF3FDD00671C7E /* Algorithms in Frameworks */,
			);
			runOnlyForDeploymentPostprocessing = 0;
		};
		1E0FFC172EDF65BC00671C7E /* Frameworks */ = {
			isa = PBXFrameworksBuildPhase;
			buildActionMask = 2147483647;
			files = (
				1E0FFC262EDF670C00671C7E /* Collections in Frameworks */,
				1E0FFC242EDF664A00671C7E /* Algorithms in Frameworks */,
			);
			runOnlyForDeploymentPostprocessing = 0;
		};
/* End PBXFrameworksBuildPhase section */

/* Begin PBXGroup section */
		1E0FFB972EDF3FC000671C7E = {
			isa = PBXGroup;
			children = (
				1E0FFBA22EDF3FC100671C7E /* Source */,
				1E0FFC1B2EDF65BC00671C7E /* DayUnitTests */,
				1E0FFC0E2EDF645900671C7E /* Frameworks */,
				1E0FFBA12EDF3FC100671C7E /* Products */,
			);
			sourceTree = "<group>";
		};
		1E0FFBA12EDF3FC100671C7E /* Products */ = {
			isa = PBXGroup;
			children = (
				1E0FFBA02EDF3FC100671C7E /* AoC2025 */,
				1E0FFC1A2EDF65BC00671C7E /* DayUnitTests.xctest */,
			);
			name = Products;
			sourceTree = "<group>";
		};
		1E0FFC0E2EDF645900671C7E /* Frameworks */ = {
			isa = PBXGroup;
			children = (
			);
			name = Frameworks;
			sourceTree = "<group>";
		};
/* End PBXGroup section */

/* Begin PBXNativeTarget section */
		1E0FFB9F2EDF3FC100671C7E /* AoC2025 */ = {
			isa = PBXNativeTarget;
			buildConfigurationList = 1E0FFBA72EDF3FC100671C7E /* Build configuration list for PBXNativeTarget "AoC2025" */;
			buildPhases = (
				1E0FFB9C2EDF3FC100671C7E /* Sources */,
				1E0FFB9D2EDF3FC100671C7E /* Frameworks */,
				1E0FFB9E2EDF3FC100671C7E /* CopyFiles */,
			);
			buildRules = (
			);
			dependencies = (
			);
			fileSystemSynchronizedGroups = (
				1E0FFBA22EDF3FC100671C7E /* Source */,
			);
			name = AoC2025;
			packageProductDependencies = (
				1E0FFBAB2EDF3FDD00671C7E /* Algorithms */,
				1E0FFBAE2EDF401900671C7E /* Collections */,
			);
			productName = AoC2025;
			productReference = 1E0FFBA02EDF3FC100671C7E /* AoC2025 */;
			productType = "com.apple.product-type.tool";
		};
		1E0FFC192EDF65BC00671C7E /* DayUnitTests */ = {
			isa = PBXNativeTarget;
			buildConfigurationList = 1E0FFC1E2EDF65BC00671C7E /* Build configuration list for PBXNativeTarget "DayUnitTests" */;
			buildPhases = (
				1E0FFC162EDF65BC00671C7E /* Sources */,
				1E0FFC172EDF65BC00671C7E /* Frameworks */,
				1E0FFC182EDF65BC00671C7E /* Resources */,
			);
			buildRules = (
			);
			dependencies = (
			);
			fileSystemSynchronizedGroups = (
				1E0FFC1B2EDF65BC00671C7E /* DayUnitTests */,
			);
			name = DayUnitTests;
			packageProductDependencies = (
				1E0FFC232EDF664A00671C7E /* Algorithms */,
				1E0FFC252EDF670C00671C7E /* Collections */,
			);
			productName = DayUnitTests;
			productReference = 1E0FFC1A2EDF65BC00671C7E /* DayUnitTests.xctest */;
			productType = "com.apple.product-type.bundle.unit-test";
		};
/* End PBXNativeTarget section */

/* Begin PBXProject section */
		1E0FFB982EDF3FC000671C7E /* Project object */ = {
			isa = PBXProject;
			attributes = {
				BuildIndependentTargetsInParallel = 1;
				LastSwiftUpdateCheck = 2610;
				LastUpgradeCheck = 2610;
				TargetAttributes = {
					1E0FFB9F2EDF3FC100671C7E = {
						CreatedOnToolsVersion = 26.1.1;
					};
					1E0FFC192EDF65BC00671C7E = {
						CreatedOnToolsVersion = 26.1.1;
					};
				};
			};
			buildConfigurationList = 1E0FFB9B2EDF3FC100671C7E /* Build configuration list for PBXProject "AoC2025" */;
			developmentRegion = en;
			hasScannedForEncodings = 0;
			knownRegions = (
				en,
				Base,
			);
			mainGroup = 1E0FFB972EDF3FC000671C7E;
			minimizedProjectReferenceProxies = 1;
			packageReferences = (
				1E0FFBAA2EDF3FDD00671C7E /* XCRemoteSwiftPackageReference "swift-algorithms" */,
				1E0FFBAD2EDF401900671C7E /* XCRemoteSwiftPackageReference "swift-collections" */,
			);
			preferredProjectObjectVersion = 77;
			productRefGroup = 1E0FFBA12EDF3FC100671C7E /* Products */;
			projectDirPath = "";
			projectRoot = "";
			targets = (
				1E0FFB9F2EDF3FC100671C7E /* AoC2025 */,
				1E0FFC192EDF65BC00671C7E /* DayUnitTests */,
			);
		};
/* End PBXProject section */

/* Begin PBXResourcesBuildPhase section */
		1E0FFC182EDF65BC00671C7E /* Resources */ = {
			isa = PBXResourcesBuildPhase;
			buildActionMask = 2147483647;
			files = (
			);
			runOnlyForDeploymentPostprocessing = 0;
		};
/* End PBXResourcesBuildPhase section */

/* Begin PBXSourcesBuildPhase section */
		1E0FFB9C2EDF3FC100671C7E /* Sources */ = {
			isa = PBXSourcesBuildPhase;
			buildActionMask = 2147483647;
			files = (
			);
			runOnlyForDeploymentPostprocessing = 0;
		};
		1E0FFC162EDF65BC00671C7E /* Sources */ = {
			isa = PBXSourcesBuildPhase;
			buildActionMask = 2147483647;
			files = (
			);
			runOnlyForDeploymentPostprocessing = 0;
		};
/* End PBXSourcesBuildPhase section */

/* Begin XCBuildConfiguration section */
		1E0FFBA52EDF3FC100671C7E /* Debug */ = {
			isa = XCBuildConfiguration;
			buildSettings = {
				ALWAYS_SEARCH_USER_PATHS = NO;
				ASSETCATALOG_COMPILER_GENERATE_SWIFT_ASSET_SYMBOL_EXTENSIONS = YES;
				CLANG_ANALYZER_NONNULL = YES;
				CLANG_ANALYZER_NUMBER_OBJECT_CONVERSION = YES_AGGRESSIVE;
				CLANG_CXX_LANGUAGE_STANDARD = "gnu++20";
				CLANG_ENABLE_MODULES = YES;
				CLANG_ENABLE_OBJC_ARC = YES;
				CLANG_ENABLE_OBJC_WEAK = YES;
				CLANG_WARN_BLOCK_CAPTURE_AUTORELEASING = YES;
				CLANG_WARN_BOOL_CONVERSION = YES;
				CLANG_WARN_COMMA = YES;
				CLANG_WARN_CONSTANT_CONVERSION = YES;
				CLANG_WARN_DEPRECATED_OBJC_IMPLEMENTATIONS = YES;
				CLANG_WARN_DIRECT_OBJC_ISA_USAGE = YES_ERROR;
				CLANG_WARN_DOCUMENTATION_COMMENTS = YES;
				CLANG_WARN_EMPTY_BODY = YES;
				CLANG_WARN_ENUM_CONVERSION = YES;
				CLANG_WARN_INFINITE_RECURSION = YES;
				CLANG_WARN_INT_CONVERSION = YES;
				CLANG_WARN_NON_LITERAL_NULL_CONVERSION = YES;
				CLANG_WARN_OBJC_IMPLICIT_RETAIN_SELF = YES;
				CLANG_WARN_OBJC_LITERAL_CONVERSION = YES;
				CLANG_WARN_OBJC_ROOT_CLASS = YES_ERROR;
				CLANG_WARN_QUOTED_INCLUDE_IN_FRAMEWORK_HEADER = YES;
				CLANG_WARN_RANGE_LOOP_ANALYSIS = YES;
				CLANG_WARN_STRICT_PROTOTYPES = YES;
				CLANG_WARN_SUSPICIOUS_MOVE = YES;
				CLANG_WARN_UNGUARDED_AVAILABILITY = YES_AGGRESSIVE;
				CLANG_WARN_UNREACHABLE_CODE = YES;
				CLANG_WARN__DUPLICATE_METHOD_MATCH = YES;
				COPY_PHASE_STRIP = NO;
				DEBUG_INFORMATION_FORMAT = dwarf;
				DEVELOPMENT_TEAM = 5QM9NFMW9L;
				ENABLE_STRICT_OBJC_MSGSEND = YES;
				ENABLE_TESTABILITY = YES;
				ENABLE_USER_SCRIPT_SANDBOXING = YES;
				GCC_C_LANGUAGE_STANDARD = gnu17;
				GCC_DYNAMIC_NO_PIC = NO;
				GCC_NO_COMMON_BLOCKS = YES;
				GCC_OPTIMIZATION_LEVEL = 0;
				GCC_PREPROCESSOR_DEFINITIONS = (
					"DEBUG=1",
					"$(inherited)",
				);
				GCC_WARN_64_TO_32_BIT_CONVERSION = YES;
				GCC_WARN_ABOUT_RETURN_TYPE = YES_ERROR;
				GCC_WARN_UNDECLARED_SELECTOR = YES;
				GCC_WARN_UNINITIALIZED_AUTOS = YES_AGGRESSIVE;
				GCC_WARN_UNUSED_FUNCTION = YES;
				GCC_WARN_UNUSED_VARIABLE = YES;
				LOCALIZATION_PREFERS_STRING_CATALOGS = YES;
				MACOSX_DEPLOYMENT_TARGET = 26.1;
				MTL_ENABLE_DEBUG_INFO = INCLUDE_SOURCE;
				MTL_FAST_MATH = YES;
				ONLY_ACTIVE_ARCH = YES;
				SDKROOT = macosx;
				SWIFT_ACTIVE_COMPILATION_CONDITIONS = "DEBUG $(inherited)";
				SWIFT_OPTIMIZATION_LEVEL = "-Onone";
			};
			name = Debug;
		};
		1E0FFBA62EDF3FC100671C7E /* Release */ = {
			isa = XCBuildConfiguration;
			buildSettings = {
				ALWAYS_SEARCH_USER_PATHS = NO;
				ASSETCATALOG_COMPILER_GENERATE_SWIFT_ASSET_SYMBOL_EXTENSIONS = YES;
				CLANG_ANALYZER_NONNULL = YES;
				CLANG_ANALYZER_NUMBER_OBJECT_CONVERSION = YES_AGGRESSIVE;
				CLANG_CXX_LANGUAGE_STANDARD = "gnu++20";
				CLANG_ENABLE_MODULES = YES;
				CLANG_ENABLE_OBJC_ARC = YES;
				CLANG_ENABLE_OBJC_WEAK = YES;
				CLANG_WARN_BLOCK_CAPTURE_AUTORELEASING = YES;
				CLANG_WARN_BOOL_CONVERSION = YES;
				CLANG_WARN_COMMA = YES;
				CLANG_WARN_CONSTANT_CONVERSION = YES;
				CLANG_WARN_DEPRECATED_OBJC_IMPLEMENTATIONS = YES;
				CLANG_WARN_DIRECT_OBJC_ISA_USAGE = YES_ERROR;
				CLANG_WARN_DOCUMENTATION_COMMENTS = YES;
				CLANG_WARN_EMPTY_BODY = YES;
				CLANG_WARN_ENUM_CONVERSION = YES;
				CLANG_WARN_INFINITE_RECURSION = YES;
				CLANG_WARN_INT_CONVERSION = YES;
				CLANG_WARN_NON_LITERAL_NULL_CONVERSION = YES;
				CLANG_WARN_OBJC_IMPLICIT_RETAIN_SELF = YES;
				CLANG_WARN_OBJC_LITERAL_CONVERSION = YES;
				CLANG_WARN_OBJC_ROOT_CLASS = YES_ERROR;
				CLANG_WARN_QUOTED_INCLUDE_IN_FRAMEWORK_HEADER = YES;
				CLANG_WARN_RANGE_LOOP_ANALYSIS = YES;
				CLANG_WARN_STRICT_PROTOTYPES = YES;
				CLANG_WARN_SUSPICIOUS_MOVE = YES;
				CLANG_WARN_UNGUARDED_AVAILABILITY = YES_AGGRESSIVE;
				CLANG_WARN_UNREACHABLE_CODE = YES;
				CLANG_WARN__DUPLICATE_METHOD_MATCH = YES;
				COPY_PHASE_STRIP = NO;
				DEBUG_INFORMATION_FORMAT = "dwarf-with-dsym";
				DEVELOPMENT_TEAM = 5QM9NFMW9L;
				ENABLE_NS_ASSERTIONS = NO;
				ENABLE_STRICT_OBJC_MSGSEND = YES;
				ENABLE_USER_SCRIPT_SANDBOXING = YES;
				GCC_C_LANGUAGE_STANDARD = gnu17;
				GCC_NO_COMMON_BLOCKS = YES;
				GCC_WARN_64_TO_32_BIT_CONVERSION = YES;
				GCC_WARN_ABOUT_RETURN_TYPE = YES_ERROR;
				GCC_WARN_UNDECLARED_SELECTOR = YES;
				GCC_WARN_UNINITIALIZED_AUTOS = YES_AGGRESSIVE;
				GCC_WARN_UNUSED_FUNCTION = YES;
				GCC_WARN_UNUSED_VARIABLE = YES;
				LOCALIZATION_PREFERS_STRING_CATALOGS = YES;
				MACOSX_DEPLOYMENT_TARGET = 26.1;
				MTL_ENABLE_DEBUG_INFO = NO;
				MTL_FAST_MATH = YES;
				SDKROOT = macosx;
				SWIFT_COMPILATION_MODE = wholemodule;
			};
			name = Release;
		};
		1E0FFBA82EDF3FC100671C7E /* Debug */ = {
			isa = XCBuildConfiguration;
			buildSettings = {
				CODE_SIGN_STYLE = Automatic;
				DEVELOPMENT_TEAM = 5QM9NFMW9L;
				ENABLE_HARDENED_RUNTIME = YES;
				PRODUCT_NAME = "$(TARGET_NAME)";
				SWIFT_APPROACHABLE_CONCURRENCY = YES;
				SWIFT_UPCOMING_FEATURE_MEMBER_IMPORT_VISIBILITY = YES;
				SWIFT_VERSION = 5.0;
			};
			name = Debug;
		};
		1E0FFBA92EDF3FC100671C7E /* Release */ = {
			isa = XCBuildConfiguration;
			buildSettings = {
				CODE_SIGN_STYLE = Automatic;
				DEVELOPMENT_TEAM = 5QM9NFMW9L;
				ENABLE_HARDENED_RUNTIME = YES;
				PRODUCT_NAME = "$(TARGET_NAME)";
				SWIFT_APPROACHABLE_CONCURRENCY = YES;
				SWIFT_UPCOMING_FEATURE_MEMBER_IMPORT_VISIBILITY = YES;
				SWIFT_VERSION = 5.0;
			};
			name = Release;
		};
		1E0FFC1F2EDF65BC00671C7E /* Debug */ = {
			isa = XCBuildConfiguration;
			buildSettings = {
				CODE_SIGN_STYLE = Automatic;
				CURRENT_PROJECT_VERSION = 1;
				DEVELOPMENT_TEAM = 5QM9NFMW9L;
				GENERATE_INFOPLIST_FILE = YES;
				MARKETING_VERSION = 1.0;
				PRODUCT_BUNDLE_IDENTIFIER = com.thevidals.DayUnitTests;
				PRODUCT_NAME = "$(TARGET_NAME)";
				STRING_CATALOG_GENERATE_SYMBOLS = NO;
				SWIFT_APPROACHABLE_CONCURRENCY = YES;
				SWIFT_EMIT_LOC_STRINGS = NO;
				SWIFT_UPCOMING_FEATURE_MEMBER_IMPORT_VISIBILITY = YES;
				SWIFT_VERSION = 5.0;
			};
			name = Debug;
		};
		1E0FFC202EDF65BC00671C7E /* Release */ = {
			isa = XCBuildConfiguration;
			buildSettings = {
				CODE_SIGN_STYLE = Automatic;
				CURRENT_PROJECT_VERSION = 1;
				DEVELOPMENT_TEAM = 5QM9NFMW9L;
				GENERATE_INFOPLIST_FILE = YES;
				MARKETING_VERSION = 1.0;
				PRODUCT_BUNDLE_IDENTIFIER = com.thevidals.DayUnitTests;
				PRODUCT_NAME = "$(TARGET_NAME)";
				STRING_CATALOG_GENERATE_SYMBOLS = NO;
				SWIFT_APPROACHABLE_CONCURRENCY = YES;
				SWIFT_EMIT_LOC_STRINGS = NO;
				SWIFT_UPCOMING_FEATURE_MEMBER_IMPORT_VISIBILITY = YES;
				SWIFT_VERSION = 5.0;
			};
			name = Release;
		};
/* End XCBuildConfiguration section */

/* Begin XCConfigurationList section */
		1E0FFB9B2EDF3FC100671C7E /* Build configuration list for PBXProject "AoC2025" */ = {
			isa = XCConfigurationList;
			buildConfigurations = (
				1E0FFBA52EDF3FC100671C7E /* Debug */,
				1E0FFBA62EDF3FC100671C7E /* Release */,
			);
			defaultConfigurationIsVisible = 0;
			defaultConfigurationName = Release;
		};
		1E0FFBA72EDF3FC100671C7E /* Build configuration list for PBXNativeTarget "AoC2025" */ = {
			isa = XCConfigurationList;
			buildConfigurations = (
				1E0FFBA82EDF3FC100671C7E /* Debug */,
				1E0FFBA92EDF3FC100671C7E /* Release */,
			);
			defaultConfigurationIsVisible = 0;
			defaultConfigurationName = Release;
		};
		1E0FFC1E2EDF65BC00671C7E /* Build configuration list for PBXNativeTarget "DayUnitTests" */ = {
			isa = XCConfigurationList;
			buildConfigurations = (
				1E0FFC1F2EDF65BC00671C7E /* Debug */,
				1E0FFC202EDF65BC00671C7E /* Release */,
			);
			defaultConfigurationIsVisible = 0;
			defaultConfigurationName = Release;
		};
/* End XCConfigurationList section */

/* Begin XCRemoteSwiftPackageReference section */
		1E0FFBAA2EDF3FDD00671C7E /* XCRemoteSwiftPackageReference "swift-algorithms" */ = {
			isa = XCRemoteSwiftPackageReference;
			repositoryURL = "https://github.com/apple/swift-algorithms.git";
			requirement = {
				kind = upToNextMajorVersion;
				minimumVersion = 1.2.1;
			};
		};
		1E0FFBAD2EDF401900671C7E /* XCRemoteSwiftPackageReference "swift-collections" */ = {
			isa = XCRemoteSwiftPackageReference;
			repositoryURL = "https://github.com/apple/swift-collections.git";
			requirement = {
				kind = upToNextMajorVersion;
				minimumVersion = 1.3.0;
			};
		};
/* End XCRemoteSwiftPackageReference section */

/* Begin XCSwiftPackageProductDependency section */
		1E0FFBAB2EDF3FDD00671C7E /* Algorithms */ = {
			isa = XCSwiftPackageProductDependency;
			package = 1E0FFBAA2EDF3FDD00671C7E /* XCRemoteSwiftPackageReference "swift-algorithms" */;
			productName = Algorithms;
		};
		1E0FFBAE2EDF401900671C7E /* Collections */ = {
			isa = XCSwiftPackageProductDependency;
			package = 1E0FFBAD2EDF401900671C7E /* XCRemoteSwiftPackageReference "swift-collections" */;
			productName = Collections;
		};
		1E0FFC232EDF664A00671C7E /* Algorithms */ = {
			isa = XCSwiftPackageProductDependency;
			package = 1E0FFBAA2EDF3FDD00671C7E /* XCRemoteSwiftPackageReference "swift-algorithms" */;
			productName = Algorithms;
		};
		1E0FFC252EDF670C00671C7E /* Collections */ = {
			isa = XCSwiftPackageProductDependency;
			package = 1E0FFBAD2EDF401900671C7E /* XCRemoteSwiftPackageReference "swift-collections" */;
			productName = Collections;
		};
/* End XCSwiftPackageProductDependency section */
	};
	rootObject = 1E0FFB982EDF3FC000671C7E /* Project object */;
}
